
Microsoft Visual Studio Solution File, Format Version 12.00
# Visual Studio Version 17
VisualStudioVersion = 17.2.32630.192
MinimumVisualStudioVersion = 10.0.40219.1
Project("{FAE04EC0-301F-11D3-BF4B-00C04F79EFBC}") = "Dados_Contribuinte", "Dados_Contribuinte\Dados_Contribuinte.csproj", "{13A03E9F-43C3-44A3-94BF-6DD51F425D96}"
EndProject
Global
	GlobalSection(SolutionConfigurationPlatforms) = preSolution
		Debug|Any CPU = Debug|Any CPU
		Release|Any CPU = Release|Any CPU
	EndGlobalSection
	GlobalSection(ProjectConfigurationPlatforms) = postSolution
		{13A03E9F-43C3-44A3-94BF-6DD51F425D96}.Debug|Any CPU.ActiveCfg = Debug|Any CPU
		{13A03E9F-43C3-44A3-94BF-6DD51F425D96}.Debug|Any CPU.Build.0 = Debug|Any CPU
		{13A03E9F-43C3-44A3-94BF-6DD51F425D96}.Release|Any CPU.ActiveCfg = Release|Any CPU
		{13A03E9F-43C3-44A3-94BF-6DD51F425D96}.Release|Any CPU.Build.0 = Release|Any CPU
	EndGlobalSection
	GlobalSection(SolutionProperties) = preSolution
		HideSolutionNode = FALSE
	EndGlobalSection
	GlobalSection(ExtensibilityGlobals) = postSolution
		SolutionGuid = {DDFE4120-2045-4AB4-A978-3FCBFDB56120}
	EndGlobalSection
EndGlobal
