
Microsoft Visual Studio Solution File, Format Version 12.00
# Visual Studio Version 17
VisualStudioVersion = 17.2.32630.192
MinimumVisualStudioVersion = 10.0.40219.1
Project("{FAE04EC0-301F-11D3-BF4B-00C04F79EFBC}") = "Course", "Course\Course.csproj", "{DB71CD20-2996-406B-83CC-AC19F2210195}"
EndProject
Global
	GlobalSection(SolutionConfigurationPlatforms) = preSolution
		Debug|Any CPU = Debug|Any CPU
		Release|Any CPU = Release|Any CPU
	EndGlobalSection
	GlobalSection(ProjectConfigurationPlatforms) = postSolution
		{DB71CD20-2996-406B-83CC-AC19F2210195}.Debug|Any CPU.ActiveCfg = Debug|Any CPU
		{DB71CD20-2996-406B-83CC-AC19F2210195}.Debug|Any CPU.Build.0 = Debug|Any CPU
		{DB71CD20-2996-406B-83CC-AC19F2210195}.Release|Any CPU.ActiveCfg = Release|Any CPU
		{DB71CD20-2996-406B-83CC-AC19F2210195}.Release|Any CPU.Build.0 = Release|Any CPU
	EndGlobalSection
	GlobalSection(SolutionProperties) = preSolution
		HideSolutionNode = FALSE
	EndGlobalSection
	GlobalSection(ExtensibilityGlobals) = postSolution
		SolutionGuid = {A33DD536-4465-4B55-A374-82C597357508}
	EndGlobalSection
EndGlobal
