
Microsoft Visual Studio Solution File, Format Version 12.00
# Visual Studio Version 17
VisualStudioVersion = 17.2.32630.192
MinimumVisualStudioVersion = 10.0.40219.1
Project("{FAE04EC0-301F-11D3-BF4B-00C04F79EFBC}") = "Dados_Produto", "Dados_Produto\Dados_Produto.csproj", "{58526DA2-E7C7-4E08-A34B-062AE94E0AA3}"
EndProject
Global
	GlobalSection(SolutionConfigurationPlatforms) = preSolution
		Debug|Any CPU = Debug|Any CPU
		Release|Any CPU = Release|Any CPU
	EndGlobalSection
	GlobalSection(ProjectConfigurationPlatforms) = postSolution
		{58526DA2-E7C7-4E08-A34B-062AE94E0AA3}.Debug|Any CPU.ActiveCfg = Debug|Any CPU
		{58526DA2-E7C7-4E08-A34B-062AE94E0AA3}.Debug|Any CPU.Build.0 = Debug|Any CPU
		{58526DA2-E7C7-4E08-A34B-062AE94E0AA3}.Release|Any CPU.ActiveCfg = Release|Any CPU
		{58526DA2-E7C7-4E08-A34B-062AE94E0AA3}.Release|Any CPU.Build.0 = Release|Any CPU
	EndGlobalSection
	GlobalSection(SolutionProperties) = preSolution
		HideSolutionNode = FALSE
	EndGlobalSection
	GlobalSection(ExtensibilityGlobals) = postSolution
		SolutionGuid = {D1986B67-6096-4BF0-881A-F00DCF069373}
	EndGlobalSection
EndGlobal
